// !$*UTF8*$!
{
	archiveVersion = 1;
	classes = {
	};
	objectVersion = 45;
	objects = {

/* Begin PBXBuildFile section */
		130B10F31772F96D00A709B6 /* Event.cpp in Sources */ = {isa = PBXBuildFile; fileRef = 130B10EB1772F96D00A709B6 /* Event.cpp */; };
		130B10F41772F96D00A709B6 /* LiftManager.cpp in Sources */ = {isa = PBXBuildFile; fileRef = 130B10ED1772F96D00A709B6 /* LiftManager.cpp */; };
		130B10F51772F96D00A709B6 /* man.cpp in Sources */ = {isa = PBXBuildFile; fileRef = 130B10EF1772F96D00A709B6 /* man.cpp */; };
		130B10F61772F96D00A709B6 /* Threaded.cpp in Sources */ = {isa = PBXBuildFile; fileRef = 130B10F11772F96D00A709B6 /* Threaded.cpp */; };
		130B10FA1772F99E00A709B6 /* Building.cpp in Sources */ = {isa = PBXBuildFile; fileRef = 130B10F91772F99E00A709B6 /* Building.cpp */; };
		130B10FF1772FBA800A709B6 /* Lift.cpp in Sources */ = {isa = PBXBuildFile; fileRef = 130B10FE1772FBA800A709B6 /* Lift.cpp */; };
		13CE8DA01772F6B100A0A06B /* main.cpp in Sources */ = {isa = PBXBuildFile; fileRef = 13CE8D9F1772F6B100A0A06B /* main.cpp */; };
		8DD76F6A0486A84900D96B5E /* CITI.1 in CopyFiles */ = {isa = PBXBuildFile; fileRef = C6859E8B029090EE04C91782 /* CITI.1 */; };
/* End PBXBuildFile section */

/* Begin PBXCopyFilesBuildPhase section */
		8DD76F690486A84900D96B5E /* CopyFiles */ = {
			isa = PBXCopyFilesBuildPhase;
			buildActionMask = 8;
			dstPath = /usr/share/man/man1/;
			dstSubfolderSpec = 0;
			files = (
				8DD76F6A0486A84900D96B5E /* CITI.1 in CopyFiles */,
			);
			runOnlyForDeploymentPostprocessing = 1;
		};
/* End PBXCopyFilesBuildPhase section */

/* Begin PBXFileReference section */
		130B10EB1772F96D00A709B6 /* Event.cpp */ = {isa = PBXFileReference; fileEncoding = 4; lastKnownFileType = sourcecode.cpp.cpp; path = Event.cpp; sourceTree = "<group>"; };
		130B10EC1772F96D00A709B6 /* Event.h */ = {isa = PBXFileReference; fileEncoding = 4; lastKnownFileType = sourcecode.c.h; path = Event.h; sourceTree = "<group>"; };
		130B10ED1772F96D00A709B6 /* LiftManager.cpp */ = {isa = PBXFileReference; fileEncoding = 4; lastKnownFileType = sourcecode.cpp.cpp; path = LiftManager.cpp; sourceTree = "<group>"; };
		130B10EE1772F96D00A709B6 /* LiftManager.h */ = {isa = PBXFileReference; fileEncoding = 4; lastKnownFileType = sourcecode.c.h; path = LiftManager.h; sourceTree = "<group>"; };
		130B10EF1772F96D00A709B6 /* man.cpp */ = {isa = PBXFileReference; fileEncoding = 4; lastKnownFileType = sourcecode.cpp.cpp; path = man.cpp; sourceTree = "<group>"; };
		130B10F01772F96D00A709B6 /* man.h */ = {isa = PBXFileReference; fileEncoding = 4; lastKnownFileType = sourcecode.c.h; path = man.h; sourceTree = "<group>"; };
		130B10F11772F96D00A709B6 /* Threaded.cpp */ = {isa = PBXFileReference; fileEncoding = 4; lastKnownFileType = sourcecode.cpp.cpp; path = Threaded.cpp; sourceTree = "<group>"; };
		130B10F21772F96D00A709B6 /* Threaded.h */ = {isa = PBXFileReference; fileEncoding = 4; lastKnownFileType = sourcecode.c.h; path = Threaded.h; sourceTree = "<group>"; };
		130B10F81772F99E00A709B6 /* Building.h */ = {isa = PBXFileReference; fileEncoding = 4; lastKnownFileType = sourcecode.c.h; path = Building.h; sourceTree = "<group>"; };
		130B10F91772F99E00A709B6 /* Building.cpp */ = {isa = PBXFileReference; fileEncoding = 4; lastKnownFileType = sourcecode.cpp.cpp; path = Building.cpp; sourceTree = "<group>"; };
		130B10FD1772FBA800A709B6 /* Lift.h */ = {isa = PBXFileReference; fileEncoding = 4; lastKnownFileType = sourcecode.c.h; path = Lift.h; sourceTree = "<group>"; };
		130B10FE1772FBA800A709B6 /* Lift.cpp */ = {isa = PBXFileReference; fileEncoding = 4; lastKnownFileType = sourcecode.cpp.cpp; path = Lift.cpp; sourceTree = "<group>"; };
		130B117F1773028300A709B6 /* citi_class.h */ = {isa = PBXFileReference; fileEncoding = 4; lastKnownFileType = sourcecode.c.h; path = citi_class.h; sourceTree = "<group>"; };
		130B13A91773503000A709B6 /* README.TXT */ = {isa = PBXFileReference; fileEncoding = 4; lastKnownFileType = text; path = README.TXT; sourceTree = "<group>"; };
		13CE8D9F1772F6B100A0A06B /* main.cpp */ = {isa = PBXFileReference; fileEncoding = 4; lastKnownFileType = sourcecode.cpp.cpp; path = main.cpp; sourceTree = "<group>"; };
		8DD76F6C0486A84900D96B5E /* CITI */ = {isa = PBXFileReference; explicitFileType = "compiled.mach-o.executable"; includeInIndex = 0; path = CITI; sourceTree = BUILT_PRODUCTS_DIR; };
		C6859E8B029090EE04C91782 /* CITI.1 */ = {isa = PBXFileReference; lastKnownFileType = text.man; path = CITI.1; sourceTree = "<group>"; };
/* End PBXFileReference section */

/* Begin PBXFrameworksBuildPhase section */
		8DD76F660486A84900D96B5E /* Frameworks */ = {
			isa = PBXFrameworksBuildPhase;
			buildActionMask = 2147483647;
			files = (
			);
			runOnlyForDeploymentPostprocessing = 0;
		};
/* End PBXFrameworksBuildPhase section */

/* Begin PBXGroup section */
		08FB7794FE84155DC02AAC07 /* CITI */ = {
			isa = PBXGroup;
			children = (
				130B117F1773028300A709B6 /* citi_class.h */,
				130B10F81772F99E00A709B6 /* Building.h */,
				130B10F91772F99E00A709B6 /* Building.cpp */,
				130B10EB1772F96D00A709B6 /* Event.cpp */,
				130B10EC1772F96D00A709B6 /* Event.h */,
				130B10ED1772F96D00A709B6 /* LiftManager.cpp */,
				130B10EE1772F96D00A709B6 /* LiftManager.h */,
				130B10EF1772F96D00A709B6 /* man.cpp */,
				130B10F01772F96D00A709B6 /* man.h */,
				130B10FD1772FBA800A709B6 /* Lift.h */,
				130B10FE1772FBA800A709B6 /* Lift.cpp */,
				130B10F11772F96D00A709B6 /* Threaded.cpp */,
				130B10F21772F96D00A709B6 /* Threaded.h */,
				13CE8D9F1772F6B100A0A06B /* main.cpp */,
				08FB7795FE84155DC02AAC07 /* Source */,
				C6859E8C029090F304C91782 /* Documentation */,
				1AB674ADFE9D54B511CA2CBB /* Products */,
				130B13A91773503000A709B6 /* README.TXT */,
			);
			name = CITI;
			sourceTree = "<group>";
		};
		08FB7795FE84155DC02AAC07 /* Source */ = {
			isa = PBXGroup;
			children = (
			);
			name = Source;
			sourceTree = "<group>";
		};
		1AB674ADFE9D54B511CA2CBB /* Products */ = {
			isa = PBXGroup;
			children = (
				8DD76F6C0486A84900D96B5E /* CITI */,
			);
			name = Products;
			sourceTree = "<group>";
		};
		C6859E8C029090F304C91782 /* Documentation */ = {
			isa = PBXGroup;
			children = (
				C6859E8B029090EE04C91782 /* CITI.1 */,
			);
			name = Documentation;
			sourceTree = "<group>";
		};
/* End PBXGroup section */

/* Begin PBXNativeTarget section */
		8DD76F620486A84900D96B5E /* CITI */ = {
			isa = PBXNativeTarget;
			buildConfigurationList = 1DEB923108733DC60010E9CD /* Build configuration list for PBXNativeTarget "CITI" */;
			buildPhases = (
				8DD76F640486A84900D96B5E /* Sources */,
				8DD76F660486A84900D96B5E /* Frameworks */,
				8DD76F690486A84900D96B5E /* CopyFiles */,
			);
			buildRules = (
			);
			dependencies = (
			);
			name = CITI;
			productInstallPath = "$(HOME)/bin";
			productName = CITI;
			productReference = 8DD76F6C0486A84900D96B5E /* CITI */;
			productType = "com.apple.product-type.tool";
		};
/* End PBXNativeTarget section */

/* Begin PBXProject section */
		08FB7793FE84155DC02AAC07 /* Project object */ = {
			isa = PBXProject;
			buildConfigurationList = 1DEB923508733DC60010E9CD /* Build configuration list for PBXProject "CITI" */;
			compatibilityVersion = "Xcode 3.1";
			hasScannedForEncodings = 1;
			mainGroup = 08FB7794FE84155DC02AAC07 /* CITI */;
			projectDirPath = "";
			projectRoot = "";
			targets = (
				8DD76F620486A84900D96B5E /* CITI */,
			);
		};
/* End PBXProject section */

/* Begin PBXSourcesBuildPhase section */
		8DD76F640486A84900D96B5E /* Sources */ = {
			isa = PBXSourcesBuildPhase;
			buildActionMask = 2147483647;
			files = (
				13CE8DA01772F6B100A0A06B /* main.cpp in Sources */,
				130B10F31772F96D00A709B6 /* Event.cpp in Sources */,
				130B10F41772F96D00A709B6 /* LiftManager.cpp in Sources */,
				130B10F51772F96D00A709B6 /* man.cpp in Sources */,
				130B10F61772F96D00A709B6 /* Threaded.cpp in Sources */,
				130B10FA1772F99E00A709B6 /* Building.cpp in Sources */,
				130B10FF1772FBA800A709B6 /* Lift.cpp in Sources */,
			);
			runOnlyForDeploymentPostprocessing = 0;
		};
/* End PBXSourcesBuildPhase section */

/* Begin XCBuildConfiguration section */
		1DEB923208733DC60010E9CD /* Debug */ = {
			isa = XCBuildConfiguration;
			buildSettings = {
				ALWAYS_SEARCH_USER_PATHS = NO;
				COPY_PHASE_STRIP = NO;
				GCC_DYNAMIC_NO_PIC = NO;
				GCC_ENABLE_FIX_AND_CONTINUE = YES;
				GCC_MODEL_TUNING = G5;
				GCC_OPTIMIZATION_LEVEL = 0;
				GCC_PREPROCESSOR_DEFINITIONS = (
					"_GLIBCXX_DEBUG=1",
					"_GLIBCXX_DEBUG_PEDANTIC=1",
				);
				INSTALL_PATH = /usr/local/bin;
				PRODUCT_NAME = CITI;
			};
			name = Debug;
		};
		1DEB923308733DC60010E9CD /* Release */ = {
			isa = XCBuildConfiguration;
			buildSettings = {
				ALWAYS_SEARCH_USER_PATHS = NO;
				DEBUG_INFORMATION_FORMAT = "dwarf-with-dsym";
				GCC_MODEL_TUNING = G5;
				INSTALL_PATH = /usr/local/bin;
				PRODUCT_NAME = CITI;
			};
			name = Release;
		};
		1DEB923608733DC60010E9CD /* Debug */ = {
			isa = XCBuildConfiguration;
			buildSettings = {
				ARCHS = "$(ARCHS_STANDARD_32_64_BIT)";
				GCC_C_LANGUAGE_STANDARD = gnu99;
				GCC_OPTIMIZATION_LEVEL = 0;
				GCC_WARN_ABOUT_RETURN_TYPE = YES;
				GCC_WARN_UNUSED_VARIABLE = YES;
				ONLY_ACTIVE_ARCH = YES;
				PREBINDING = NO;
				SDKROOT = macosx10.6;
			};
			name = Debug;
		};
		1DEB923708733DC60010E9CD /* Release */ = {
			isa = XCBuildConfiguration;
			buildSettings = {
				ARCHS = "$(ARCHS_STANDARD_32_64_BIT)";
				GCC_C_LANGUAGE_STANDARD = gnu99;
				GCC_WARN_ABOUT_RETURN_TYPE = YES;
				GCC_WARN_UNUSED_VARIABLE = YES;
				PREBINDING = NO;
				SDKROOT = macosx10.6;
			};
			name = Release;
		};
/* End XCBuildConfiguration section */

/* Begin XCConfigurationList section */
		1DEB923108733DC60010E9CD /* Build configuration list for PBXNativeTarget "CITI" */ = {
			isa = XCConfigurationList;
			buildConfigurations = (
				1DEB923208733DC60010E9CD /* Debug */,
				1DEB923308733DC60010E9CD /* Release */,
			);
			defaultConfigurationIsVisible = 0;
			defaultConfigurationName = Release;
		};
		1DEB923508733DC60010E9CD /* Build configuration list for PBXProject "CITI" */ = {
			isa = XCConfigurationList;
			buildConfigurations = (
				1DEB923608733DC60010E9CD /* Debug */,
				1DEB923708733DC60010E9CD /* Release */,
			);
			defaultConfigurationIsVisible = 0;
			defaultConfigurationName = Release;
		};
/* End XCConfigurationList section */
	};
	rootObject = 08FB7793FE84155DC02AAC07 /* Project object */;
}
